// !$*UTF8*$!
{
	archiveVersion = 1;
	classes = {
	};
	objectVersion = 50;
	objects = {

/* Begin PBXBuildFile section */
		176DEE2B2254916300B54B00 /* AppDelegate.swift in Sources */ = {isa = PBXBuildFile; fileRef = 176DEE2A2254916300B54B00 /* AppDelegate.swift */; };
		176DEE2D2254916300B54B00 /* ViewController.swift in Sources */ = {isa = PBXBuildFile; fileRef = 176DEE2C2254916300B54B00 /* ViewController.swift */; };
		176DEE302254916300B54B00 /* Main.storyboard in Resources */ = {isa = PBXBuildFile; fileRef = 176DEE2E2254916300B54B00 /* Main.storyboard */; };
		176DEE332254916300B54B00 /* Qunduiz.xcdatamodeld in Sources */ = {isa = PBXBuildFile; fileRef = 176DEE312254916300B54B00 /* Qunduiz.xcdatamodeld */; };
		176DEE352254916500B54B00 /* Assets.xcassets in Resources */ = {isa = PBXBuildFile; fileRef = 176DEE342254916500B54B00 /* Assets.xcassets */; };
		176DEE382254916500B54B00 /* LaunchScreen.storyboard in Resources */ = {isa = PBXBuildFile; fileRef = 176DEE362254916500B54B00 /* LaunchScreen.storyboard */; };
/* End PBXBuildFile section */

/* Begin PBXFileReference section */
		176DEE272254916300B54B00 /* Qunduiz.app */ = {isa = PBXFileReference; explicitFileType = wrapper.application; includeInIndex = 0; path = Qunduiz.app; sourceTree = BUILT_PRODUCTS_DIR; };
		176DEE2A2254916300B54B00 /* AppDelegate.swift */ = {isa = PBXFileReference; lastKnownFileType = sourcecode.swift; path = AppDelegate.swift; sourceTree = "<group>"; };
		176DEE2C2254916300B54B00 /* ViewController.swift */ = {isa = PBXFileReference; lastKnownFileType = sourcecode.swift; path = ViewController.swift; sourceTree = "<group>"; };
		176DEE2F2254916300B54B00 /* Base */ = {isa = PBXFileReference; lastKnownFileType = file.storyboard; name = Base; path = Base.lproj/Main.storyboard; sourceTree = "<group>"; };
		176DEE322254916300B54B00 /* Qunduiz.xcdatamodel */ = {isa = PBXFileReference; lastKnownFileType = wrapper.xcdatamodel; path = Qunduiz.xcdatamodel; sourceTree = "<group>"; };
		176DEE342254916500B54B00 /* Assets.xcassets */ = {isa = PBXFileReference; lastKnownFileType = folder.assetcatalog; path = Assets.xcassets; sourceTree = "<group>"; };
		176DEE372254916500B54B00 /* Base */ = {isa = PBXFileReference; lastKnownFileType = file.storyboard; name = Base; path = Base.lproj/LaunchScreen.storyboard; sourceTree = "<group>"; };
		176DEE392254916500B54B00 /* Info.plist */ = {isa = PBXFileReference; lastKnownFileType = text.plist.xml; path = Info.plist; sourceTree = "<group>"; };
/* End PBXFileReference section */

/* Begin PBXFrameworksBuildPhase section */
		176DEE242254916300B54B00 /* Frameworks */ = {
			isa = PBXFrameworksBuildPhase;
			buildActionMask = 2147483647;
			files = (
			);
			runOnlyForDeploymentPostprocessing = 0;
		};
/* End PBXFrameworksBuildPhase section */

/* Begin PBXGroup section */
		176DEE1E2254916300B54B00 = {
			isa = PBXGroup;
			children = (
				176DEE292254916300B54B00 /* Qunduiz */,
				176DEE282254916300B54B00 /* Products */,
			);
			sourceTree = "<group>";
		};
		176DEE282254916300B54B00 /* Products */ = {
			isa = PBXGroup;
			children = (
				176DEE272254916300B54B00 /* Qunduiz.app */,
			);
			name = Products;
			sourceTree = "<group>";
		};
		176DEE292254916300B54B00 /* Qunduiz */ = {
			isa = PBXGroup;
			children = (
				176DEE2A2254916300B54B00 /* AppDelegate.swift */,
				176DEE2C2254916300B54B00 /* ViewController.swift */,
				176DEE2E2254916300B54B00 /* Main.storyboard */,
				176DEE342254916500B54B00 /* Assets.xcassets */,
				176DEE362254916500B54B00 /* LaunchScreen.storyboard */,
				176DEE392254916500B54B00 /* Info.plist */,
				176DEE312254916300B54B00 /* Qunduiz.xcdatamodeld */,
			);
			path = Qunduiz;
			sourceTree = "<group>";
		};
/* End PBXGroup section */

/* Begin PBXNativeTarget section */
		176DEE262254916300B54B00 /* Qunduiz */ = {
			isa = PBXNativeTarget;
			buildConfigurationList = 176DEE3C2254916500B54B00 /* Build configuration list for PBXNativeTarget "Qunduiz" */;
			buildPhases = (
				176DEE232254916300B54B00 /* Sources */,
				176DEE242254916300B54B00 /* Frameworks */,
				176DEE252254916300B54B00 /* Resources */,
			);
			buildRules = (
			);
			dependencies = (
			);
			name = Qunduiz;
			productName = Qunduiz;
			productReference = 176DEE272254916300B54B00 /* Qunduiz.app */;
			productType = "com.apple.product-type.application";
		};
/* End PBXNativeTarget section */

/* Begin PBXProject section */
		176DEE1F2254916300B54B00 /* Project object */ = {
			isa = PBXProject;
			attributes = {
				LastSwiftUpdateCheck = 1010;
				LastUpgradeCheck = 1010;
				ORGANIZATIONNAME = "Omer Varoglu";
				TargetAttributes = {
					176DEE262254916300B54B00 = {
						CreatedOnToolsVersion = 10.1;
					};
				};
			};
			buildConfigurationList = 176DEE222254916300B54B00 /* Build configuration list for PBXProject "Qunduiz" */;
			compatibilityVersion = "Xcode 9.3";
			developmentRegion = en;
			hasScannedForEncodings = 0;
			knownRegions = (
				en,
				Base,
			);
			mainGroup = 176DEE1E2254916300B54B00;
			productRefGroup = 176DEE282254916300B54B00 /* Products */;
			projectDirPath = "";
			projectRoot = "";
			targets = (
				176DEE262254916300B54B00 /* Qunduiz */,
			);
		};
/* End PBXProject section */

/* Begin PBXResourcesBuildPhase section */
		176DEE252254916300B54B00 /* Resources */ = {
			isa = PBXResourcesBuildPhase;
			buildActionMask = 2147483647;
			files = (
				176DEE382254916500B54B00 /* LaunchScreen.storyboard in Resources */,
				176DEE352254916500B54B00 /* Assets.xcassets in Resources */,
				176DEE302254916300B54B00 /* Main.storyboard in Resources */,
			);
			runOnlyForDeploymentPostprocessing = 0;
		};
/* End PBXResourcesBuildPhase section */

/* Begin PBXSourcesBuildPhase section */
		176DEE232254916300B54B00 /* Sources */ = {
			isa = PBXSourcesBuildPhase;
			buildActionMask = 2147483647;
			files = (
				176DEE2D2254916300B54B00 /* ViewController.swift in Sources */,
				176DEE332254916300B54B00 /* Qunduiz.xcdatamodeld in Sources */,
				176DEE2B2254916300B54B00 /* AppDelegate.swift in Sources */,
			);
			runOnlyForDeploymentPostprocessing = 0;
		};
/* End PBXSourcesBuildPhase section */

/* Begin PBXVariantGroup section */
		176DEE2E2254916300B54B00 /* Main.storyboard */ = {
			isa = PBXVariantGroup;
			children = (
				176DEE2F2254916300B54B00 /* Base */,
			);
			name = Main.storyboard;
			sourceTree = "<group>";
		};
		176DEE362254916500B54B00 /* LaunchScreen.storyboard */ = {
			isa = PBXVariantGroup;
			children = (
				176DEE372254916500B54B00 /* Base */,
			);
			name = LaunchScreen.storyboard;
			sourceTree = "<group>";
		};
/* End PBXVariantGroup section */

/* Begin XCBuildConfiguration section */
		176DEE3A2254916500B54B00 /* Debug */ = {
			isa = XCBuildConfiguration;
			buildSettings = {
				ALWAYS_SEARCH_USER_PATHS = NO;
				CLANG_ANALYZER_NONNULL = YES;
				CLANG_ANALYZER_NUMBER_OBJECT_CONVERSION = YES_AGGRESSIVE;
				CLANG_CXX_LANGUAGE_STANDARD = "gnu++14";
				CLANG_CXX_LIBRARY = "libc++";
				CLANG_ENABLE_MODULES = YES;
				CLANG_ENABLE_OBJC_ARC = YES;
				CLANG_ENABLE_OBJC_WEAK = YES;
				CLANG_WARN_BLOCK_CAPTURE_AUTORELEASING = YES;
				CLANG_WARN_BOOL_CONVERSION = YES;
				CLANG_WARN_COMMA = YES;
				CLANG_WARN_CONSTANT_CONVERSION = YES;
				CLANG_WARN_DEPRECATED_OBJC_IMPLEMENTATIONS = YES;
				CLANG_WARN_DIRECT_OBJC_ISA_USAGE = YES_ERROR;
				CLANG_WARN_DOCUMENTATION_COMMENTS = YES;
				CLANG_WARN_EMPTY_BODY = YES;
				CLANG_WARN_ENUM_CONVERSION = YES;
				CLANG_WARN_INFINITE_RECURSION = YES;
				CLANG_WARN_INT_CONVERSION = YES;
				CLANG_WARN_NON_LITERAL_NULL_CONVERSION = YES;
				CLANG_WARN_OBJC_IMPLICIT_RETAIN_SELF = YES;
				CLANG_WARN_OBJC_LITERAL_CONVERSION = YES;
				CLANG_WARN_OBJC_ROOT_CLASS = YES_ERROR;
				CLANG_WARN_RANGE_LOOP_ANALYSIS = YES;
				CLANG_WARN_STRICT_PROTOTYPES = YES;
				CLANG_WARN_SUSPICIOUS_MOVE = YES;
				CLANG_WARN_UNGUARDED_AVAILABILITY = YES_AGGRESSIVE;
				CLANG_WARN_UNREACHABLE_CODE = YES;
				CLANG_WARN__DUPLICATE_METHOD_MATCH = YES;
				CODE_SIGN_IDENTITY = "iPhone Developer";
				COPY_PHASE_STRIP = NO;
				DEBUG_INFORMATION_FORMAT = dwarf;
				ENABLE_STRICT_OBJC_MSGSEND = YES;
				ENABLE_TESTABILITY = YES;
				GCC_C_LANGUAGE_STANDARD = gnu11;
				GCC_DYNAMIC_NO_PIC = NO;
				GCC_NO_COMMON_BLOCKS = YES;
				GCC_OPTIMIZATION_LEVEL = 0;
				GCC_PREPROCESSOR_DEFINITIONS = (
					"DEBUG=1",
					"$(inherited)",
				);
				GCC_WARN_64_TO_32_BIT_CONVERSION = YES;
				GCC_WARN_ABOUT_RETURN_TYPE = YES_ERROR;
				GCC_WARN_UNDECLARED_SELECTOR = YES;
				GCC_WARN_UNINITIALIZED_AUTOS = YES_AGGRESSIVE;
				GCC_WARN_UNUSED_FUNCTION = YES;
				GCC_WARN_UNUSED_VARIABLE = YES;
				IPHONEOS_DEPLOYMENT_TARGET = 12.1;
				MTL_ENABLE_DEBUG_INFO = INCLUDE_SOURCE;
				MTL_FAST_MATH = YES;
				ONLY_ACTIVE_ARCH = YES;
				SDKROOT = iphoneos;
				SWIFT_ACTIVE_COMPILATION_CONDITIONS = DEBUG;
				SWIFT_OPTIMIZATION_LEVEL = "-Onone";
			};
			name = Debug;
		};
		176DEE3B2254916500B54B00 /* Release */ = {
			isa = XCBuildConfiguration;
			buildSettings = {
				ALWAYS_SEARCH_USER_PATHS = NO;
				CLANG_ANALYZER_NONNULL = YES;
				CLANG_ANALYZER_NUMBER_OBJECT_CONVERSION = YES_AGGRESSIVE;
				CLANG_CXX_LANGUAGE_STANDARD = "gnu++14";
				CLANG_CXX_LIBRARY = "libc++";
				CLANG_ENABLE_MODULES = YES;
				CLANG_ENABLE_OBJC_ARC = YES;
				CLANG_ENABLE_OBJC_WEAK = YES;
				CLANG_WARN_BLOCK_CAPTURE_AUTORELEASING = YES;
				CLANG_WARN_BOOL_CONVERSION = YES;
				CLANG_WARN_COMMA = YES;
				CLANG_WARN_CONSTANT_CONVERSION = YES;
				CLANG_WARN_DEPRECATED_OBJC_IMPLEMENTATIONS = YES;
				CLANG_WARN_DIRECT_OBJC_ISA_USAGE = YES_ERROR;
				CLANG_WARN_DOCUMENTATION_COMMENTS = YES;
				CLANG_WARN_EMPTY_BODY = YES;
				CLANG_WARN_ENUM_CONVERSION = YES;
				CLANG_WARN_INFINITE_RECURSION = YES;
				CLANG_WARN_INT_CONVERSION = YES;
				CLANG_WARN_NON_LITERAL_NULL_CONVERSION = YES;
				CLANG_WARN_OBJC_IMPLICIT_RETAIN_SELF = YES;
				CLANG_WARN_OBJC_LITERAL_CONVERSION = YES;
				CLANG_WARN_OBJC_ROOT_CLASS = YES_ERROR;
				CLANG_WARN_RANGE_LOOP_ANALYSIS = YES;
				CLANG_WARN_STRICT_PROTOTYPES = YES;
				CLANG_WARN_SUSPICIOUS_MOVE = YES;
				CLANG_WARN_UNGUARDED_AVAILABILITY = YES_AGGRESSIVE;
				CLANG_WARN_UNREACHABLE_CODE = YES;
				CLANG_WARN__DUPLICATE_METHOD_MATCH = YES;
				CODE_SIGN_IDENTITY = "iPhone Developer";
				COPY_PHASE_STRIP = NO;
				DEBUG_INFORMATION_FORMAT = "dwarf-with-dsym";
				ENABLE_NS_ASSERTIONS = NO;
				ENABLE_STRICT_OBJC_MSGSEND = YES;
				GCC_C_LANGUAGE_STANDARD = gnu11;
				GCC_NO_COMMON_BLOCKS = YES;
				GCC_WARN_64_TO_32_BIT_CONVERSION = YES;
				GCC_WARN_ABOUT_RETURN_TYPE = YES_ERROR;
				GCC_WARN_UNDECLARED_SELECTOR = YES;
				GCC_WARN_UNINITIALIZED_AUTOS = YES_AGGRESSIVE;
				GCC_WARN_UNUSED_FUNCTION = YES;
				GCC_WARN_UNUSED_VARIABLE = YES;
				IPHONEOS_DEPLOYMENT_TARGET = 12.1;
				MTL_ENABLE_DEBUG_INFO = NO;
				MTL_FAST_MATH = YES;
				SDKROOT = iphoneos;
				SWIFT_COMPILATION_MODE = wholemodule;
				SWIFT_OPTIMIZATION_LEVEL = "-O";
				VALIDATE_PRODUCT = YES;
			};
			name = Release;
		};
		176DEE3D2254916500B54B00 /* Debug */ = {
			isa = XCBuildConfiguration;
			buildSettings = {
				ASSETCATALOG_COMPILER_APPICON_NAME = AppIcon;
				CODE_SIGN_STYLE = Automatic;
				DEVELOPMENT_TEAM = PR952S746H;
				INFOPLIST_FILE = Qunduiz/Info.plist;
				LD_RUNPATH_SEARCH_PATHS = (
					"$(inherited)",
					"@executable_path/Frameworks",
				);
				PRODUCT_BUNDLE_IDENTIFIER = com.omervaroglu.Qunduiz;
				PRODUCT_NAME = "$(TARGET_NAME)";
				SWIFT_VERSION = 4.2;
				TARGETED_DEVICE_FAMILY = "1,2";
			};
			name = Debug;
		};
		176DEE3E2254916500B54B00 /* Release */ = {
			isa = XCBuildConfiguration;
			buildSettings = {
				ASSETCATALOG_COMPILER_APPICON_NAME = AppIcon;
				CODE_SIGN_STYLE = Automatic;
				DEVELOPMENT_TEAM = PR952S746H;
				INFOPLIST_FILE = Qunduiz/Info.plist;
				LD_RUNPATH_SEARCH_PATHS = (
					"$(inherited)",
					"@executable_path/Frameworks",
				);
				PRODUCT_BUNDLE_IDENTIFIER = com.omervaroglu.Qunduiz;
				PRODUCT_NAME = "$(TARGET_NAME)";
				SWIFT_VERSION = 4.2;
				TARGETED_DEVICE_FAMILY = "1,2";
			};
			name = Release;
		};
/* End XCBuildConfiguration section */

/* Begin XCConfigurationList section */
		176DEE222254916300B54B00 /* Build configuration list for PBXProject "Qunduiz" */ = {
			isa = XCConfigurationList;
			buildConfigurations = (
				176DEE3A2254916500B54B00 /* Debug */,
				176DEE3B2254916500B54B00 /* Release */,
			);
			defaultConfigurationIsVisible = 0;
			defaultConfigurationName = Release;
		};
		176DEE3C2254916500B54B00 /* Build configuration list for PBXNativeTarget "Qunduiz" */ = {
			isa = XCConfigurationList;
			buildConfigurations = (
				176DEE3D2254916500B54B00 /* Debug */,
				176DEE3E2254916500B54B00 /* Release */,
			);
			defaultConfigurationIsVisible = 0;
			defaultConfigurationName = Release;
		};
/* End XCConfigurationList section */

/* Begin XCVersionGroup section */
		176DEE312254916300B54B00 /* Qunduiz.xcdatamodeld */ = {
			isa = XCVersionGroup;
			children = (
				176DEE322254916300B54B00 /* Qunduiz.xcdatamodel */,
			);
			currentVersion = 176DEE322254916300B54B00 /* Qunduiz.xcdatamodel */;
			path = Qunduiz.xcdatamodeld;
			sourceTree = "<group>";
			versionGroupType = wrapper.xcdatamodel;
		};
/* End XCVersionGroup section */
	};
	rootObject = 176DEE1F2254916300B54B00 /* Project object */;
}
