PODS:
  - IQKeyboardManagerSwift (6.3.0)
  - ObjectMapper (3.4.2)
  - PKHUD (5.2.1)
  - SwiftyJSON (4.2.0)

DEPENDENCIES:
  - IQKeyboardManagerSwift
  - ObjectMapper (~> 3.4)
  - PKHUD (~> 5.1)
  - SwiftyJSON (~> 4.0)

SPEC REPOS:
  https://github.com/cocoapods/specs.git:
    - IQKeyboardManagerSwift
    - ObjectMapper
    - PKHUD
    - SwiftyJSON

SPEC CHECKSUMS:
  IQKeyboardManagerSwift: a8228c257614af98743b4cd8584637025f36358f
  ObjectMapper: 0d4402610f4e468903ae64629eec4784531e5c51
  PKHUD: 4e6162c4c39ac367c6934e9855c6b4762ee16256
  SwiftyJSON: c4bcba26dd9ec7a027fc8eade48e2c911f229e96

PODFILE CHECKSUM: 4ce36c8bad2d15f609917a7d05dc92df9b42f80e

COCOAPODS: 1.6.1
